
Microsoft Visual Studio Solution File, Format Version 12.00
# Visual Studio Version 17
VisualStudioVersion = 17.6.33815.320
MinimumVisualStudioVersion = 10.0.40219.1
Project("{FAE04EC0-301F-11D3-BF4B-00C04F79EFBC}") = "FriendBook.ProtoFiles", "FriendBook.ProtoFiles\FriendBook.ProtoFiles.csproj", "{8BCBBEB5-69E3-423F-B535-5E15E1CDEDCC}"
EndProject
Global
	GlobalSection(SolutionConfigurationPlatforms) = preSolution
		Debug|Any CPU = Debug|Any CPU
		Release|Any CPU = Release|Any CPU
	EndGlobalSection
	GlobalSection(ProjectConfigurationPlatforms) = postSolution
		{8BCBBEB5-69E3-423F-B535-5E15E1CDEDCC}.Debug|Any CPU.ActiveCfg = Debug|Any CPU
		{8BCBBEB5-69E3-423F-B535-5E15E1CDEDCC}.Debug|Any CPU.Build.0 = Debug|Any CPU
		{8BCBBEB5-69E3-423F-B535-5E15E1CDEDCC}.Release|Any CPU.ActiveCfg = Release|Any CPU
		{8BCBBEB5-69E3-423F-B535-5E15E1CDEDCC}.Release|Any CPU.Build.0 = Release|Any CPU
	EndGlobalSection
	GlobalSection(SolutionProperties) = preSolution
		HideSolutionNode = FALSE
	EndGlobalSection
	GlobalSection(ExtensibilityGlobals) = postSolution
		SolutionGuid = {BBA44E75-9FA0-4935-B056-61681AB390B3}
	EndGlobalSection
EndGlobal
